
Microsoft Visual Studio Solution File, Format Version 12.00
# Visual Studio Version 17
VisualStudioVersion = 17.9.34701.34
MinimumVisualStudioVersion = 10.0.40219.1
Project("{FAE04EC0-301F-11D3-BF4B-00C04F79EFBC}") = "PrimeiroDesafioPraticoC#", "PrimeiroDesafioPraticoC#.csproj", "{02AA7AE0-D9BE-457E-BEBF-83E5505C5760}"
EndProject
Global
	GlobalSection(SolutionConfigurationPlatforms) = preSolution
		Debug|Any CPU = Debug|Any CPU
		Release|Any CPU = Release|Any CPU
	EndGlobalSection
	GlobalSection(ProjectConfigurationPlatforms) = postSolution
		{02AA7AE0-D9BE-457E-BEBF-83E5505C5760}.Debug|Any CPU.ActiveCfg = Debug|Any CPU
		{02AA7AE0-D9BE-457E-BEBF-83E5505C5760}.Debug|Any CPU.Build.0 = Debug|Any CPU
		{02AA7AE0-D9BE-457E-BEBF-83E5505C5760}.Release|Any CPU.ActiveCfg = Release|Any CPU
		{02AA7AE0-D9BE-457E-BEBF-83E5505C5760}.Release|Any CPU.Build.0 = Release|Any CPU
	EndGlobalSection
	GlobalSection(SolutionProperties) = preSolution
		HideSolutionNode = FALSE
	EndGlobalSection
	GlobalSection(ExtensibilityGlobals) = postSolution
		SolutionGuid = {4816BD97-A4D3-435D-AD6E-CE60204593BB}
	EndGlobalSection
EndGlobal
